
Microsoft Visual Studio Solution File, Format Version 12.00
# Visual Studio 2013
VisualStudioVersion = 12.0.30501.0
MinimumVisualStudioVersion = 10.0.40219.1
Project("{FAE04EC0-301F-11D3-BF4B-00C04F79EFBC}") = "TS3-Bot.Core", "TS3-Bot.Core\TS3-Bot.Core.csproj", "{B4F2739D-7350-4F6C-B47F-100A1F6E9A86}"
EndProject
Project("{FAE04EC0-301F-11D3-BF4B-00C04F79EFBC}") = "TS3-Bot.Service", "TS3-Bot.Service\TS3-Bot.Service.csproj", "{2599BD25-6741-4122-B984-0F93BF3D9232}"
EndProject
Project("{54435603-DBB4-11D2-8724-00A0C9A8B90C}") = "TS3-Bot.Setup", "TS3-Bot.Setup\TS3-Bot.Setup.vdproj", "{4635DF8E-A3BE-40D4-AE66-88E0084C02E0}"
EndProject
Project("{FAE04EC0-301F-11D3-BF4B-00C04F79EFBC}") = "TS3-Bot.Console", "TS3-Bot.TestConsole\TS3-Bot.Console.csproj", "{0DB0E1A0-29F4-4CB7-BC9A-826681D8B56F}"
EndProject
Project("{FAE04EC0-301F-11D3-BF4B-00C04F79EFBC}") = "TS3-Bot.Web", "TS3-Bot.Web\TS3-Bot.Web.csproj", "{ECD1C143-F057-4863-AE6C-1AC174632059}"
EndProject
Global
	GlobalSection(SolutionConfigurationPlatforms) = preSolution
		Debug|x64 = Debug|x64
		Release|x64 = Release|x64
	EndGlobalSection
	GlobalSection(ProjectConfigurationPlatforms) = postSolution
		{B4F2739D-7350-4F6C-B47F-100A1F6E9A86}.Debug|x64.ActiveCfg = Debug|x64
		{B4F2739D-7350-4F6C-B47F-100A1F6E9A86}.Debug|x64.Build.0 = Debug|x64
		{B4F2739D-7350-4F6C-B47F-100A1F6E9A86}.Release|x64.ActiveCfg = Release|x64
		{B4F2739D-7350-4F6C-B47F-100A1F6E9A86}.Release|x64.Build.0 = Release|x64
		{2599BD25-6741-4122-B984-0F93BF3D9232}.Debug|x64.ActiveCfg = Debug|x64
		{2599BD25-6741-4122-B984-0F93BF3D9232}.Debug|x64.Build.0 = Debug|x64
		{2599BD25-6741-4122-B984-0F93BF3D9232}.Release|x64.ActiveCfg = Release|x64
		{2599BD25-6741-4122-B984-0F93BF3D9232}.Release|x64.Build.0 = Release|x64
		{4635DF8E-A3BE-40D4-AE66-88E0084C02E0}.Debug|x64.ActiveCfg = Debug
		{4635DF8E-A3BE-40D4-AE66-88E0084C02E0}.Release|x64.ActiveCfg = Release
		{4635DF8E-A3BE-40D4-AE66-88E0084C02E0}.Release|x64.Build.0 = Release
		{0DB0E1A0-29F4-4CB7-BC9A-826681D8B56F}.Debug|x64.ActiveCfg = Debug|x64
		{0DB0E1A0-29F4-4CB7-BC9A-826681D8B56F}.Debug|x64.Build.0 = Debug|x64
		{0DB0E1A0-29F4-4CB7-BC9A-826681D8B56F}.Release|x64.ActiveCfg = Release|x64
		{0DB0E1A0-29F4-4CB7-BC9A-826681D8B56F}.Release|x64.Build.0 = Release|x64
		{ECD1C143-F057-4863-AE6C-1AC174632059}.Debug|x64.ActiveCfg = Debug|x64
		{ECD1C143-F057-4863-AE6C-1AC174632059}.Debug|x64.Build.0 = Debug|x64
		{ECD1C143-F057-4863-AE6C-1AC174632059}.Release|x64.ActiveCfg = Release|x64
		{ECD1C143-F057-4863-AE6C-1AC174632059}.Release|x64.Build.0 = Release|x64
	EndGlobalSection
	GlobalSection(SolutionProperties) = preSolution
		HideSolutionNode = FALSE
	EndGlobalSection
EndGlobal
